
Microsoft Visual Studio Solution File, Format Version 12.00
# Visual Studio 15
VisualStudioVersion = 15.0.26228.9
MinimumVisualStudioVersion = 10.0.40219.1
Project("{D954291E-2A0B-460D-934E-DC6B0785DB48}") = "Common", "Common\Common.shproj", "{B8A126FD-8CF0-48AA-A34C-B3E6484C9790}"
EndProject
Project("{FAE04EC0-301F-11D3-BF4B-00C04F79EFBC}") = "BuildMasterExtension", "BuildMasterExtension\BuildMasterExtension.csproj", "{8EC0F043-F9AE-42EC-84D6-2F4ECAE4FDAB}"
EndProject
Project("{FAE04EC0-301F-11D3-BF4B-00C04F79EFBC}") = "OtterExtension", "OtterExtension\OtterExtension.csproj", "{5426F9DD-D4EC-47A9-B41D-24AA98485258}"
EndProject
Global
	GlobalSection(SharedMSBuildProjectFiles) = preSolution
		Common\Common.projitems*{5426f9dd-d4ec-47a9-b41d-24aa98485258}*SharedItemsImports = 4
		Common\Common.projitems*{8ec0f043-f9ae-42ec-84d6-2f4ecae4fdab}*SharedItemsImports = 4
		Common\Common.projitems*{b8a126fd-8cf0-48aa-a34c-b3e6484c9790}*SharedItemsImports = 13
	EndGlobalSection
	GlobalSection(SolutionConfigurationPlatforms) = preSolution
		Debug|Any CPU = Debug|Any CPU
		Release|Any CPU = Release|Any CPU
	EndGlobalSection
	GlobalSection(ProjectConfigurationPlatforms) = postSolution
		{8EC0F043-F9AE-42EC-84D6-2F4ECAE4FDAB}.Debug|Any CPU.ActiveCfg = Debug|Any CPU
		{8EC0F043-F9AE-42EC-84D6-2F4ECAE4FDAB}.Debug|Any CPU.Build.0 = Debug|Any CPU
		{8EC0F043-F9AE-42EC-84D6-2F4ECAE4FDAB}.Release|Any CPU.ActiveCfg = Release|Any CPU
		{8EC0F043-F9AE-42EC-84D6-2F4ECAE4FDAB}.Release|Any CPU.Build.0 = Release|Any CPU
		{5426F9DD-D4EC-47A9-B41D-24AA98485258}.Debug|Any CPU.ActiveCfg = Debug|Any CPU
		{5426F9DD-D4EC-47A9-B41D-24AA98485258}.Debug|Any CPU.Build.0 = Debug|Any CPU
		{5426F9DD-D4EC-47A9-B41D-24AA98485258}.Release|Any CPU.ActiveCfg = Release|Any CPU
		{5426F9DD-D4EC-47A9-B41D-24AA98485258}.Release|Any CPU.Build.0 = Release|Any CPU
	EndGlobalSection
	GlobalSection(SolutionProperties) = preSolution
		HideSolutionNode = FALSE
	EndGlobalSection
EndGlobal
